
Microsoft Visual Studio Solution File, Format Version 12.00
# Visual Studio Version 16
VisualStudioVersion = 16.0.29613.14
MinimumVisualStudioVersion = 10.0.40219.1
Project("{888888A0-9F3D-457C-B088-3A5042F75D52}") = "HakatonFinalIndustry4_0", "HakatonFinalIndustry4_0\HakatonFinalIndustry4_0.pyproj", "{12AACA2E-C0AB-44B6-89B1-846CD365B17A}"
EndProject
Project("{FAE04EC0-301F-11D3-BF4B-00C04F79EFBC}") = "HakatonFinalIndustry4_0WinForms", "HakatonFinalIndustry4_0WinForms\HakatonFinalIndustry4_0WinForms.csproj", "{BF3D35A0-AF7F-4787-B70A-6F0354221D95}"
EndProject
Project("{FAE04EC0-301F-11D3-BF4B-00C04F79EFBC}") = "Industry4_0Library", "Industry4_0Library\Industry4_0Library.csproj", "{81D3833A-C90D-4841-9E71-E3CBA4241348}"
EndProject
Global
	GlobalSection(SolutionConfigurationPlatforms) = preSolution
		Debug|Any CPU = Debug|Any CPU
		Release|Any CPU = Release|Any CPU
	EndGlobalSection
	GlobalSection(ProjectConfigurationPlatforms) = postSolution
		{12AACA2E-C0AB-44B6-89B1-846CD365B17A}.Debug|Any CPU.ActiveCfg = Debug|Any CPU
		{12AACA2E-C0AB-44B6-89B1-846CD365B17A}.Release|Any CPU.ActiveCfg = Release|Any CPU
		{BF3D35A0-AF7F-4787-B70A-6F0354221D95}.Debug|Any CPU.ActiveCfg = Debug|Any CPU
		{BF3D35A0-AF7F-4787-B70A-6F0354221D95}.Debug|Any CPU.Build.0 = Debug|Any CPU
		{BF3D35A0-AF7F-4787-B70A-6F0354221D95}.Release|Any CPU.ActiveCfg = Release|Any CPU
		{BF3D35A0-AF7F-4787-B70A-6F0354221D95}.Release|Any CPU.Build.0 = Release|Any CPU
		{81D3833A-C90D-4841-9E71-E3CBA4241348}.Debug|Any CPU.ActiveCfg = Debug|Any CPU
		{81D3833A-C90D-4841-9E71-E3CBA4241348}.Debug|Any CPU.Build.0 = Debug|Any CPU
		{81D3833A-C90D-4841-9E71-E3CBA4241348}.Release|Any CPU.ActiveCfg = Release|Any CPU
		{81D3833A-C90D-4841-9E71-E3CBA4241348}.Release|Any CPU.Build.0 = Release|Any CPU
	EndGlobalSection
	GlobalSection(SolutionProperties) = preSolution
		HideSolutionNode = FALSE
	EndGlobalSection
	GlobalSection(ExtensibilityGlobals) = postSolution
		SolutionGuid = {080F93AA-AED9-4FA3-915D-9E9F2EDEF6A2}
	EndGlobalSection
EndGlobal
